{
  "name": "frontend",
  "lockfileVersion": 2,
  "requires": true,
  "packages": {
    "": {
      "dependencies": {
        "@sentry/browser": "^7.14.1",
        "@sentry/tracing": "^7.14.1",
        "dotenv": "^16.0.3"
      },
      "devDependencies": {
        "@types/node": "^18.8.2",
        "typescript": "^4.8.4"
      }
    },
    "node_modules/@sentry/browser": {
      "version": "7.14.1",
      "resolved": "https://registry.npmjs.org/@sentry/browser/-/browser-7.14.1.tgz",
      "integrity": "sha512-b9nW2+kT9Jl/tfzJmvzpnS6F8ziC62TDx04a7kZDtuaVA5rKKTTlLDg8ZamCRFjjnuwuFhLnzxO34N0KfeTqHg==",
      "license": "BSD-3-Clause",
      "dependencies": {
        "@sentry/core": "7.14.1",
        "@sentry/types": "7.14.1",
        "@sentry/utils": "7.14.1",
        "tslib": "^1.9.3"
      },
      "engines": {
        "node": ">=8"
      }
    },
    "node_modules/@sentry/core": {
      "version": "7.14.1",
      "resolved": "https://registry.npmjs.org/@sentry/core/-/core-7.14.1.tgz",
      "integrity": "sha512-sjk60Gf5o9zynhWe1e0ro9uQO4OrKZ3H9xfgBf2ExgKXeMfKzYp5r2v2OKNevEde36Sr/DzlpiPj8EK67xrWPA==",
      "license": "BSD-3-Clause",
      "dependencies": {
        "@sentry/hub": "7.14.1",
        "@sentry/types": "7.14.1",
        "@sentry/utils": "7.14.1",
        "tslib": "^1.9.3"
      },
      "engines": {
        "node": ">=8"
      }
    },
    "node_modules/@sentry/hub": {
      "version": "7.14.1",
      "resolved": "https://registry.npmjs.org/@sentry/hub/-/hub-7.14.1.tgz",
      "integrity": "sha512-BWh5jUvGmzCsJtYy6EX3qA6gTOxwGhA64IEXHbzwIAnBoG+VWao3addaL77AGR9pIgAqn6ssfkX665OZa+GPGw==",
      "license": "BSD-3-Clause",
      "dependencies": {
        "@sentry/types": "7.14.1",
        "@sentry/utils": "7.14.1",
        "tslib": "^1.9.3"
      },
      "engines": {
        "node": ">=8"
      }
    },
    "node_modules/@sentry/tracing": {
      "version": "7.14.1",
      "resolved": "https://registry.npmjs.org/@sentry/tracing/-/tracing-7.14.1.tgz",
      "integrity": "sha512-vs/GXOu3RRT9ethdRXdiXmYF11PFViIo70Nt6RWb/vKEykHTQ0Y5IYc3GtU7aC6DKqpJ1xZkNUfgvV/q3he/Eg==",
      "license": "MIT",
      "dependencies": {
        "@sentry/hub": "7.14.1",
        "@sentry/types": "7.14.1",
        "@sentry/utils": "7.14.1",
        "tslib": "^1.9.3"
      },
      "engines": {
        "node": ">=8"
      }
    },
    "node_modules/@sentry/types": {
      "version": "7.14.1",
      "resolved": "https://registry.npmjs.org/@sentry/types/-/types-7.14.1.tgz",
      "integrity": "sha512-PxAfrIwBci6ouHOuRsfVq1B16i92nQNV5IvlqfJIYciazVhDWJvbF52caJAPOFS1WnuQZ4zqBDMYvtnwld3JCA==",
      "license": "BSD-3-Clause",
      "engines": {
        "node": ">=8"
      }
    },
    "node_modules/@sentry/utils": {
      "version": "7.14.1",
      "resolved": "https://registry.npmjs.org/@sentry/utils/-/utils-7.14.1.tgz",
      "integrity": "sha512-CErQFbJMuhnHFKGkfIazQj5ETKoS7hG8PkoQEBt19F5QMh4+sbrJgnpIrIW8fVGtp0qKWKuIxQwD3b+1cFBozA==",
      "license": "BSD-3-Clause",
      "dependencies": {
        "@sentry/types": "7.14.1",
        "tslib": "^1.9.3"
      },
      "engines": {
        "node": ">=8"
      }
    },
    "node_modules/@types/node": {
      "version": "18.8.2",
      "resolved": "https://registry.npmjs.org/@types/node/-/node-18.8.2.tgz",
      "integrity": "sha512-cRMwIgdDN43GO4xMWAfJAecYn8wV4JbsOGHNfNUIDiuYkUYAR5ec4Rj7IO2SAhFPEfpPtLtUTbbny/TCT7aDwA==",
      "dev": true
    },
    "node_modules/dotenv": {
      "version": "16.0.3",
      "resolved": "https://registry.npmjs.org/dotenv/-/dotenv-16.0.3.tgz",
      "integrity": "sha512-7GO6HghkA5fYG9TYnNxi14/7K9f5occMlp3zXAuSxn7CKCxt9xbNWG7yF8hTCSUchlfWSe3uLmlPfigevRItzQ==",
      "license": "BSD-2-Clause",
      "engines": {
        "node": ">=12"
      }
    },
    "node_modules/tslib": {
      "version": "1.14.1",
      "resolved": "https://registry.npmjs.org/tslib/-/tslib-1.14.1.tgz",
      "integrity": "sha512-Xni35NKzjgMrwevysHTCArtLDpPvye8zV/0E4EyYn43P7/7qvQwPh9BGkHewbMulVntbigmcT7rdX3BNo9wRJg==",
      "license": "0BSD"
    },
    "node_modules/typescript": {
      "version": "4.8.4",
      "resolved": "https://registry.npmjs.org/typescript/-/typescript-4.8.4.tgz",
      "integrity": "sha512-QCh+85mCy+h0IGff8r5XWzOVSbBO+KfeYrMQh7NJ58QujwcE22u+NUSmUxqF+un70P9GXKxa2HCNiTTMJknyjQ==",
      "dev": true,
      "license": "Apache-2.0",
      "bin": {
        "tsc": "bin/tsc",
        "tsserver": "bin/tsserver"
      },
      "engines": {
        "node": ">=4.2.0"
      }
    }
  },
  "dependencies": {
    "@sentry/browser": {
      "version": "7.14.1",
      "resolved": "https://registry.npmjs.org/@sentry/browser/-/browser-7.14.1.tgz",
      "integrity": "sha512-b9nW2+kT9Jl/tfzJmvzpnS6F8ziC62TDx04a7kZDtuaVA5rKKTTlLDg8ZamCRFjjnuwuFhLnzxO34N0KfeTqHg==",
      "requires": {
        "@sentry/core": "7.14.1",
        "@sentry/types": "7.14.1",
        "@sentry/utils": "7.14.1",
        "tslib": "^1.9.3"
      }
    },
    "@sentry/core": {
      "version": "7.14.1",
      "resolved": "https://registry.npmjs.org/@sentry/core/-/core-7.14.1.tgz",
      "integrity": "sha512-sjk60Gf5o9zynhWe1e0ro9uQO4OrKZ3H9xfgBf2ExgKXeMfKzYp5r2v2OKNevEde36Sr/DzlpiPj8EK67xrWPA==",
      "requires": {
        "@sentry/hub": "7.14.1",
        "@sentry/types": "7.14.1",
        "@sentry/utils": "7.14.1",
        "tslib": "^1.9.3"
      }
    },
    "@sentry/hub": {
      "version": "7.14.1",
      "resolved": "https://registry.npmjs.org/@sentry/hub/-/hub-7.14.1.tgz",
      "integrity": "sha512-BWh5jUvGmzCsJtYy6EX3qA6gTOxwGhA64IEXHbzwIAnBoG+VWao3addaL77AGR9pIgAqn6ssfkX665OZa+GPGw==",
      "requires": {
        "@sentry/types": "7.14.1",
        "@sentry/utils": "7.14.1",
        "tslib": "^1.9.3"
      }
    },
    "@sentry/tracing": {
      "version": "7.14.1",
      "resolved": "https://registry.npmjs.org/@sentry/tracing/-/tracing-7.14.1.tgz",
      "integrity": "sha512-vs/GXOu3RRT9ethdRXdiXmYF11PFViIo70Nt6RWb/vKEykHTQ0Y5IYc3GtU7aC6DKqpJ1xZkNUfgvV/q3he/Eg==",
      "requires": {
        "@sentry/hub": "7.14.1",
        "@sentry/types": "7.14.1",
        "@sentry/utils": "7.14.1",
        "tslib": "^1.9.3"
      }
    },
    "@sentry/types": {
      "version": "7.14.1",
      "resolved": "https://registry.npmjs.org/@sentry/types/-/types-7.14.1.tgz",
      "integrity": "sha512-PxAfrIwBci6ouHOuRsfVq1B16i92nQNV5IvlqfJIYciazVhDWJvbF52caJAPOFS1WnuQZ4zqBDMYvtnwld3JCA=="
    },
    "@sentry/utils": {
      "version": "7.14.1",
      "resolved": "https://registry.npmjs.org/@sentry/utils/-/utils-7.14.1.tgz",
      "integrity": "sha512-CErQFbJMuhnHFKGkfIazQj5ETKoS7hG8PkoQEBt19F5QMh4+sbrJgnpIrIW8fVGtp0qKWKuIxQwD3b+1cFBozA==",
      "requires": {
        "@sentry/types": "7.14.1",
        "tslib": "^1.9.3"
      }
    },
    "@types/node": {
      "version": "18.8.2",
      "resolved": "https://registry.npmjs.org/@types/node/-/node-18.8.2.tgz",
      "integrity": "sha512-cRMwIgdDN43GO4xMWAfJAecYn8wV4JbsOGHNfNUIDiuYkUYAR5ec4Rj7IO2SAhFPEfpPtLtUTbbny/TCT7aDwA==",
      "dev": true
    },
    "dotenv": {
      "version": "16.0.3",
      "resolved": "https://registry.npmjs.org/dotenv/-/dotenv-16.0.3.tgz",
      "integrity": "sha512-7GO6HghkA5fYG9TYnNxi14/7K9f5occMlp3zXAuSxn7CKCxt9xbNWG7yF8hTCSUchlfWSe3uLmlPfigevRItzQ=="
    },
    "tslib": {
      "version": "1.14.1",
      "resolved": "https://registry.npmjs.org/tslib/-/tslib-1.14.1.tgz",
      "integrity": "sha512-Xni35NKzjgMrwevysHTCArtLDpPvye8zV/0E4EyYn43P7/7qvQwPh9BGkHewbMulVntbigmcT7rdX3BNo9wRJg=="
    },
    "typescript": {
      "version": "4.8.4",
      "resolved": "https://registry.npmjs.org/typescript/-/typescript-4.8.4.tgz",
      "integrity": "sha512-QCh+85mCy+h0IGff8r5XWzOVSbBO+KfeYrMQh7NJ58QujwcE22u+NUSmUxqF+un70P9GXKxa2HCNiTTMJknyjQ==",
      "dev": true
    }
  }
}
