# THIS IS AN AUTOGENERATED FILE. DO NOT EDIT THIS FILE DIRECTLY.
# yarn lockfile v1


"@sentry/browser@^7.14.1":
  version "7.14.1"
  resolved "https://registry.npmjs.org/@sentry/browser/-/browser-7.14.1.tgz"
  integrity sha512-b9nW2+kT9Jl/tfzJmvzpnS6F8ziC62TDx04a7kZDtuaVA5rKKTTlLDg8ZamCRFjjnuwuFhLnzxO34N0KfeTqHg==
  dependencies:
    "@sentry/core" "7.14.1"
    "@sentry/types" "7.14.1"
    "@sentry/utils" "7.14.1"
    tslib "^1.9.3"

"@sentry/core@7.14.1":
  version "7.14.1"
  resolved "https://registry.npmjs.org/@sentry/core/-/core-7.14.1.tgz"
  integrity sha512-sjk60Gf5o9zynhWe1e0ro9uQO4OrKZ3H9xfgBf2ExgKXeMfKzYp5r2v2OKNevEde36Sr/DzlpiPj8EK67xrWPA==
  dependencies:
    "@sentry/hub" "7.14.1"
    "@sentry/types" "7.14.1"
    "@sentry/utils" "7.14.1"
    tslib "^1.9.3"

"@sentry/hub@7.14.1":
  version "7.14.1"
  resolved "https://registry.npmjs.org/@sentry/hub/-/hub-7.14.1.tgz"
  integrity sha512-BWh5jUvGmzCsJtYy6EX3qA6gTOxwGhA64IEXHbzwIAnBoG+VWao3addaL77AGR9pIgAqn6ssfkX665OZa+GPGw==
  dependencies:
    "@sentry/types" "7.14.1"
    "@sentry/utils" "7.14.1"
    tslib "^1.9.3"

"@sentry/tracing@^7.14.1":
  version "7.14.1"
  resolved "https://registry.npmjs.org/@sentry/tracing/-/tracing-7.14.1.tgz"
  integrity sha512-vs/GXOu3RRT9ethdRXdiXmYF11PFViIo70Nt6RWb/vKEykHTQ0Y5IYc3GtU7aC6DKqpJ1xZkNUfgvV/q3he/Eg==
  dependencies:
    "@sentry/hub" "7.14.1"
    "@sentry/types" "7.14.1"
    "@sentry/utils" "7.14.1"
    tslib "^1.9.3"

"@sentry/types@7.14.1":
  version "7.14.1"
  resolved "https://registry.npmjs.org/@sentry/types/-/types-7.14.1.tgz"
  integrity sha512-PxAfrIwBci6ouHOuRsfVq1B16i92nQNV5IvlqfJIYciazVhDWJvbF52caJAPOFS1WnuQZ4zqBDMYvtnwld3JCA==

"@sentry/utils@7.14.1":
  version "7.14.1"
  resolved "https://registry.npmjs.org/@sentry/utils/-/utils-7.14.1.tgz"
  integrity sha512-CErQFbJMuhnHFKGkfIazQj5ETKoS7hG8PkoQEBt19F5QMh4+sbrJgnpIrIW8fVGtp0qKWKuIxQwD3b+1cFBozA==
  dependencies:
    "@sentry/types" "7.14.1"
    tslib "^1.9.3"

"@types/node@^18.8.2":
  version "18.8.2"
  resolved "https://registry.npmjs.org/@types/node/-/node-18.8.2.tgz"
  integrity sha512-cRMwIgdDN43GO4xMWAfJAecYn8wV4JbsOGHNfNUIDiuYkUYAR5ec4Rj7IO2SAhFPEfpPtLtUTbbny/TCT7aDwA==

"@types/stripe-v3@^3.1.27":
  version "3.1.27"
  resolved "https://registry.yarnpkg.com/@types/stripe-v3/-/stripe-v3-3.1.27.tgz#f0cc9af7edc67d90665224f726d6dead90465dc8"
  integrity sha512-lsOXNRfYyzz45HW4FXXKWsx/6d2BpwDSYcmwLZOS81XarHFQFTqiqVq1bsLMebKgEz7+qQ2LLAPhmn8StQbi8w==

dotenv@^16.0.3:
  version "16.0.3"
  resolved "https://registry.npmjs.org/dotenv/-/dotenv-16.0.3.tgz"
  integrity sha512-7GO6HghkA5fYG9TYnNxi14/7K9f5occMlp3zXAuSxn7CKCxt9xbNWG7yF8hTCSUchlfWSe3uLmlPfigevRItzQ==

tslib@^1.9.3:
  version "1.14.1"
  resolved "https://registry.npmjs.org/tslib/-/tslib-1.14.1.tgz"
  integrity sha512-Xni35NKzjgMrwevysHTCArtLDpPvye8zV/0E4EyYn43P7/7qvQwPh9BGkHewbMulVntbigmcT7rdX3BNo9wRJg==

typescript@^4.8.4:
  version "4.8.4"
  resolved "https://registry.npmjs.org/typescript/-/typescript-4.8.4.tgz"
  integrity sha512-QCh+85mCy+h0IGff8r5XWzOVSbBO+KfeYrMQh7NJ58QujwcE22u+NUSmUxqF+un70P9GXKxa2HCNiTTMJknyjQ==
